// !$*UTF8*$!
{
	archiveVersion = 1;
	classes = {
	};
	objectVersion = 50;
	objects = {

/* Begin PBXBuildFile section */
		D0038E282544E83D00B642E0 /* AppDelegate.swift in Sources */ = {isa = PBXBuildFile; fileRef = D0038E272544E83D00B642E0 /* AppDelegate.swift */; };
		D0038E2A2544E83D00B642E0 /* SceneDelegate.swift in Sources */ = {isa = PBXBuildFile; fileRef = D0038E292544E83D00B642E0 /* SceneDelegate.swift */; };
		D0038E2C2544E83D00B642E0 /* ViewController.swift in Sources */ = {isa = PBXBuildFile; fileRef = D0038E2B2544E83D00B642E0 /* ViewController.swift */; };
		D0038E2F2544E83D00B642E0 /* Main.storyboard in Resources */ = {isa = PBXBuildFile; fileRef = D0038E2D2544E83D00B642E0 /* Main.storyboard */; };
		D0038E312544E84A00B642E0 /* Assets.xcassets in Resources */ = {isa = PBXBuildFile; fileRef = D0038E302544E84A00B642E0 /* Assets.xcassets */; };
		D0038E342544E84B00B642E0 /* LaunchScreen.storyboard in Resources */ = {isa = PBXBuildFile; fileRef = D0038E322544E84B00B642E0 /* LaunchScreen.storyboard */; };
/* End PBXBuildFile section */

/* Begin PBXFileReference section */
		D0038E242544E83D00B642E0 /* Challenge3(TheHangMan).app */ = {isa = PBXFileReference; explicitFileType = wrapper.application; includeInIndex = 0; path = "Challenge3(TheHangMan).app"; sourceTree = BUILT_PRODUCTS_DIR; };
		D0038E272544E83D00B642E0 /* AppDelegate.swift */ = {isa = PBXFileReference; lastKnownFileType = sourcecode.swift; path = AppDelegate.swift; sourceTree = "<group>"; };
		D0038E292544E83D00B642E0 /* SceneDelegate.swift */ = {isa = PBXFileReference; lastKnownFileType = sourcecode.swift; path = SceneDelegate.swift; sourceTree = "<group>"; };
		D0038E2B2544E83D00B642E0 /* ViewController.swift */ = {isa = PBXFileReference; lastKnownFileType = sourcecode.swift; path = ViewController.swift; sourceTree = "<group>"; };
		D0038E2E2544E83D00B642E0 /* Base */ = {isa = PBXFileReference; lastKnownFileType = file.storyboard; name = Base; path = Base.lproj/Main.storyboard; sourceTree = "<group>"; };
		D0038E302544E84A00B642E0 /* Assets.xcassets */ = {isa = PBXFileReference; lastKnownFileType = folder.assetcatalog; path = Assets.xcassets; sourceTree = "<group>"; };
		D0038E332544E84B00B642E0 /* Base */ = {isa = PBXFileReference; lastKnownFileType = file.storyboard; name = Base; path = Base.lproj/LaunchScreen.storyboard; sourceTree = "<group>"; };
		D0038E352544E84B00B642E0 /* Info.plist */ = {isa = PBXFileReference; lastKnownFileType = text.plist.xml; path = Info.plist; sourceTree = "<group>"; };
/* End PBXFileReference section */

/* Begin PBXFrameworksBuildPhase section */
		D0038E212544E83D00B642E0 /* Frameworks */ = {
			isa = PBXFrameworksBuildPhase;
			buildActionMask = 2147483647;
			files = (
			);
			runOnlyForDeploymentPostprocessing = 0;
		};
/* End PBXFrameworksBuildPhase section */

/* Begin PBXGroup section */
		D0038E1B2544E83D00B642E0 = {
			isa = PBXGroup;
			children = (
				D0038E262544E83D00B642E0 /* Challenge3(TheHangMan) */,
				D0038E252544E83D00B642E0 /* Products */,
			);
			sourceTree = "<group>";
		};
		D0038E252544E83D00B642E0 /* Products */ = {
			isa = PBXGroup;
			children = (
				D0038E242544E83D00B642E0 /* Challenge3(TheHangMan).app */,
			);
			name = Products;
			sourceTree = "<group>";
		};
		D0038E262544E83D00B642E0 /* Challenge3(TheHangMan) */ = {
			isa = PBXGroup;
			children = (
				D0038E272544E83D00B642E0 /* AppDelegate.swift */,
				D0038E292544E83D00B642E0 /* SceneDelegate.swift */,
				D0038E2B2544E83D00B642E0 /* ViewController.swift */,
				D0038E2D2544E83D00B642E0 /* Main.storyboard */,
				D0038E302544E84A00B642E0 /* Assets.xcassets */,
				D0038E322544E84B00B642E0 /* LaunchScreen.storyboard */,
				D0038E352544E84B00B642E0 /* Info.plist */,
			);
			path = "Challenge3(TheHangMan)";
			sourceTree = "<group>";
		};
/* End PBXGroup section */

/* Begin PBXNativeTarget section */
		D0038E232544E83D00B642E0 /* Challenge3(TheHangMan) */ = {
			isa = PBXNativeTarget;
			buildConfigurationList = D0038E382544E84B00B642E0 /* Build configuration list for PBXNativeTarget "Challenge3(TheHangMan)" */;
			buildPhases = (
				D0038E202544E83D00B642E0 /* Sources */,
				D0038E212544E83D00B642E0 /* Frameworks */,
				D0038E222544E83D00B642E0 /* Resources */,
			);
			buildRules = (
			);
			dependencies = (
			);
			name = "Challenge3(TheHangMan)";
			productName = "Challenge3(TheHangMan)";
			productReference = D0038E242544E83D00B642E0 /* Challenge3(TheHangMan).app */;
			productType = "com.apple.product-type.application";
		};
/* End PBXNativeTarget section */

/* Begin PBXProject section */
		D0038E1C2544E83D00B642E0 /* Project object */ = {
			isa = PBXProject;
			attributes = {
				LastSwiftUpdateCheck = 1170;
				LastUpgradeCheck = 1170;
				ORGANIZATIONNAME = "MacBook Air";
				TargetAttributes = {
					D0038E232544E83D00B642E0 = {
						CreatedOnToolsVersion = 11.7;
					};
				};
			};
			buildConfigurationList = D0038E1F2544E83D00B642E0 /* Build configuration list for PBXProject "Challenge3(TheHangMan)" */;
			compatibilityVersion = "Xcode 9.3";
			developmentRegion = en;
			hasScannedForEncodings = 0;
			knownRegions = (
				en,
				Base,
			);
			mainGroup = D0038E1B2544E83D00B642E0;
			productRefGroup = D0038E252544E83D00B642E0 /* Products */;
			projectDirPath = "";
			projectRoot = "";
			targets = (
				D0038E232544E83D00B642E0 /* Challenge3(TheHangMan) */,
			);
		};
/* End PBXProject section */

/* Begin PBXResourcesBuildPhase section */
		D0038E222544E83D00B642E0 /* Resources */ = {
			isa = PBXResourcesBuildPhase;
			buildActionMask = 2147483647;
			files = (
				D0038E342544E84B00B642E0 /* LaunchScreen.storyboard in Resources */,
				D0038E312544E84A00B642E0 /* Assets.xcassets in Resources */,
				D0038E2F2544E83D00B642E0 /* Main.storyboard in Resources */,
			);
			runOnlyForDeploymentPostprocessing = 0;
		};
/* End PBXResourcesBuildPhase section */

/* Begin PBXSourcesBuildPhase section */
		D0038E202544E83D00B642E0 /* Sources */ = {
			isa = PBXSourcesBuildPhase;
			buildActionMask = 2147483647;
			files = (
				D0038E2C2544E83D00B642E0 /* ViewController.swift in Sources */,
				D0038E282544E83D00B642E0 /* AppDelegate.swift in Sources */,
				D0038E2A2544E83D00B642E0 /* SceneDelegate.swift in Sources */,
			);
			runOnlyForDeploymentPostprocessing = 0;
		};
/* End PBXSourcesBuildPhase section */

/* Begin PBXVariantGroup section */
		D0038E2D2544E83D00B642E0 /* Main.storyboard */ = {
			isa = PBXVariantGroup;
			children = (
				D0038E2E2544E83D00B642E0 /* Base */,
			);
			name = Main.storyboard;
			sourceTree = "<group>";
		};
		D0038E322544E84B00B642E0 /* LaunchScreen.storyboard */ = {
			isa = PBXVariantGroup;
			children = (
				D0038E332544E84B00B642E0 /* Base */,
			);
			name = LaunchScreen.storyboard;
			sourceTree = "<group>";
		};
/* End PBXVariantGroup section */

/* Begin XCBuildConfiguration section */
		D0038E362544E84B00B642E0 /* Debug */ = {
			isa = XCBuildConfiguration;
			buildSettings = {
				ALWAYS_SEARCH_USER_PATHS = NO;
				CLANG_ANALYZER_NONNULL = YES;
				CLANG_ANALYZER_NUMBER_OBJECT_CONVERSION = YES_AGGRESSIVE;
				CLANG_CXX_LANGUAGE_STANDARD = "gnu++14";
				CLANG_CXX_LIBRARY = "libc++";
				CLANG_ENABLE_MODULES = YES;
				CLANG_ENABLE_OBJC_ARC = YES;
				CLANG_ENABLE_OBJC_WEAK = YES;
				CLANG_WARN_BLOCK_CAPTURE_AUTORELEASING = YES;
				CLANG_WARN_BOOL_CONVERSION = YES;
				CLANG_WARN_COMMA = YES;
				CLANG_WARN_CONSTANT_CONVERSION = YES;
				CLANG_WARN_DEPRECATED_OBJC_IMPLEMENTATIONS = YES;
				CLANG_WARN_DIRECT_OBJC_ISA_USAGE = YES_ERROR;
				CLANG_WARN_DOCUMENTATION_COMMENTS = YES;
				CLANG_WARN_EMPTY_BODY = YES;
				CLANG_WARN_ENUM_CONVERSION = YES;
				CLANG_WARN_INFINITE_RECURSION = YES;
				CLANG_WARN_INT_CONVERSION = YES;
				CLANG_WARN_NON_LITERAL_NULL_CONVERSION = YES;
				CLANG_WARN_OBJC_IMPLICIT_RETAIN_SELF = YES;
				CLANG_WARN_OBJC_LITERAL_CONVERSION = YES;
				CLANG_WARN_OBJC_ROOT_CLASS = YES_ERROR;
				CLANG_WARN_RANGE_LOOP_ANALYSIS = YES;
				CLANG_WARN_STRICT_PROTOTYPES = YES;
				CLANG_WARN_SUSPICIOUS_MOVE = YES;
				CLANG_WARN_UNGUARDED_AVAILABILITY = YES_AGGRESSIVE;
				CLANG_WARN_UNREACHABLE_CODE = YES;
				CLANG_WARN__DUPLICATE_METHOD_MATCH = YES;
				COPY_PHASE_STRIP = NO;
				DEBUG_INFORMATION_FORMAT = dwarf;
				ENABLE_STRICT_OBJC_MSGSEND = YES;
				ENABLE_TESTABILITY = YES;
				GCC_C_LANGUAGE_STANDARD = gnu11;
				GCC_DYNAMIC_NO_PIC = NO;
				GCC_NO_COMMON_BLOCKS = YES;
				GCC_OPTIMIZATION_LEVEL = 0;
				GCC_PREPROCESSOR_DEFINITIONS = (
					"DEBUG=1",
					"$(inherited)",
				);
				GCC_WARN_64_TO_32_BIT_CONVERSION = YES;
				GCC_WARN_ABOUT_RETURN_TYPE = YES_ERROR;
				GCC_WARN_UNDECLARED_SELECTOR = YES;
				GCC_WARN_UNINITIALIZED_AUTOS = YES_AGGRESSIVE;
				GCC_WARN_UNUSED_FUNCTION = YES;
				GCC_WARN_UNUSED_VARIABLE = YES;
				IPHONEOS_DEPLOYMENT_TARGET = 13.7;
				MTL_ENABLE_DEBUG_INFO = INCLUDE_SOURCE;
				MTL_FAST_MATH = YES;
				ONLY_ACTIVE_ARCH = YES;
				SDKROOT = iphoneos;
				SWIFT_ACTIVE_COMPILATION_CONDITIONS = DEBUG;
				SWIFT_OPTIMIZATION_LEVEL = "-Onone";
			};
			name = Debug;
		};
		D0038E372544E84B00B642E0 /* Release */ = {
			isa = XCBuildConfiguration;
			buildSettings = {
				ALWAYS_SEARCH_USER_PATHS = NO;
				CLANG_ANALYZER_NONNULL = YES;
				CLANG_ANALYZER_NUMBER_OBJECT_CONVERSION = YES_AGGRESSIVE;
				CLANG_CXX_LANGUAGE_STANDARD = "gnu++14";
				CLANG_CXX_LIBRARY = "libc++";
				CLANG_ENABLE_MODULES = YES;
				CLANG_ENABLE_OBJC_ARC = YES;
				CLANG_ENABLE_OBJC_WEAK = YES;
				CLANG_WARN_BLOCK_CAPTURE_AUTORELEASING = YES;
				CLANG_WARN_BOOL_CONVERSION = YES;
				CLANG_WARN_COMMA = YES;
				CLANG_WARN_CONSTANT_CONVERSION = YES;
				CLANG_WARN_DEPRECATED_OBJC_IMPLEMENTATIONS = YES;
				CLANG_WARN_DIRECT_OBJC_ISA_USAGE = YES_ERROR;
				CLANG_WARN_DOCUMENTATION_COMMENTS = YES;
				CLANG_WARN_EMPTY_BODY = YES;
				CLANG_WARN_ENUM_CONVERSION = YES;
				CLANG_WARN_INFINITE_RECURSION = YES;
				CLANG_WARN_INT_CONVERSION = YES;
				CLANG_WARN_NON_LITERAL_NULL_CONVERSION = YES;
				CLANG_WARN_OBJC_IMPLICIT_RETAIN_SELF = YES;
				CLANG_WARN_OBJC_LITERAL_CONVERSION = YES;
				CLANG_WARN_OBJC_ROOT_CLASS = YES_ERROR;
				CLANG_WARN_RANGE_LOOP_ANALYSIS = YES;
				CLANG_WARN_STRICT_PROTOTYPES = YES;
				CLANG_WARN_SUSPICIOUS_MOVE = YES;
				CLANG_WARN_UNGUARDED_AVAILABILITY = YES_AGGRESSIVE;
				CLANG_WARN_UNREACHABLE_CODE = YES;
				CLANG_WARN__DUPLICATE_METHOD_MATCH = YES;
				COPY_PHASE_STRIP = NO;
				DEBUG_INFORMATION_FORMAT = "dwarf-with-dsym";
				ENABLE_NS_ASSERTIONS = NO;
				ENABLE_STRICT_OBJC_MSGSEND = YES;
				GCC_C_LANGUAGE_STANDARD = gnu11;
				GCC_NO_COMMON_BLOCKS = YES;
				GCC_WARN_64_TO_32_BIT_CONVERSION = YES;
				GCC_WARN_ABOUT_RETURN_TYPE = YES_ERROR;
				GCC_WARN_UNDECLARED_SELECTOR = YES;
				GCC_WARN_UNINITIALIZED_AUTOS = YES_AGGRESSIVE;
				GCC_WARN_UNUSED_FUNCTION = YES;
				GCC_WARN_UNUSED_VARIABLE = YES;
				IPHONEOS_DEPLOYMENT_TARGET = 13.7;
				MTL_ENABLE_DEBUG_INFO = NO;
				MTL_FAST_MATH = YES;
				SDKROOT = iphoneos;
				SWIFT_COMPILATION_MODE = wholemodule;
				SWIFT_OPTIMIZATION_LEVEL = "-O";
				VALIDATE_PRODUCT = YES;
			};
			name = Release;
		};
		D0038E392544E84B00B642E0 /* Debug */ = {
			isa = XCBuildConfiguration;
			buildSettings = {
				ASSETCATALOG_COMPILER_APPICON_NAME = AppIcon;
				CODE_SIGN_STYLE = Automatic;
				DEVELOPMENT_TEAM = 6R24A423ZF;
				INFOPLIST_FILE = "Challenge3(TheHangMan)/Info.plist";
				LD_RUNPATH_SEARCH_PATHS = (
					"$(inherited)",
					"@executable_path/Frameworks",
				);
				PRODUCT_BUNDLE_IDENTIFIER = "-2532.Challenge3-TheHangMan-";
				PRODUCT_NAME = "$(TARGET_NAME)";
				SWIFT_VERSION = 5.0;
				TARGETED_DEVICE_FAMILY = "1,2";
			};
			name = Debug;
		};
		D0038E3A2544E84B00B642E0 /* Release */ = {
			isa = XCBuildConfiguration;
			buildSettings = {
				ASSETCATALOG_COMPILER_APPICON_NAME = AppIcon;
				CODE_SIGN_STYLE = Automatic;
				DEVELOPMENT_TEAM = 6R24A423ZF;
				INFOPLIST_FILE = "Challenge3(TheHangMan)/Info.plist";
				LD_RUNPATH_SEARCH_PATHS = (
					"$(inherited)",
					"@executable_path/Frameworks",
				);
				PRODUCT_BUNDLE_IDENTIFIER = "-2532.Challenge3-TheHangMan-";
				PRODUCT_NAME = "$(TARGET_NAME)";
				SWIFT_VERSION = 5.0;
				TARGETED_DEVICE_FAMILY = "1,2";
			};
			name = Release;
		};
/* End XCBuildConfiguration section */

/* Begin XCConfigurationList section */
		D0038E1F2544E83D00B642E0 /* Build configuration list for PBXProject "Challenge3(TheHangMan)" */ = {
			isa = XCConfigurationList;
			buildConfigurations = (
				D0038E362544E84B00B642E0 /* Debug */,
				D0038E372544E84B00B642E0 /* Release */,
			);
			defaultConfigurationIsVisible = 0;
			defaultConfigurationName = Release;
		};
		D0038E382544E84B00B642E0 /* Build configuration list for PBXNativeTarget "Challenge3(TheHangMan)" */ = {
			isa = XCConfigurationList;
			buildConfigurations = (
				D0038E392544E84B00B642E0 /* Debug */,
				D0038E3A2544E84B00B642E0 /* Release */,
			);
			defaultConfigurationIsVisible = 0;
			defaultConfigurationName = Release;
		};
/* End XCConfigurationList section */
	};
	rootObject = D0038E1C2544E83D00B642E0 /* Project object */;
}
